PODS:
  - BigInt (3.1.0):
    - SipHash (~> 1.2)
  - CryptoSwift (0.10.0)
  - SipHash (1.2.2)
  - SwiftLint (0.25.1)
  - TrezorCrypto (0.0.5)
  - ZillaCore (0.1.0):
    - BigInt
    - TrezorCrypto

DEPENDENCIES:
  - BigInt
  - CryptoSwift (~> 0.10.0)
  - SwiftLint
  - TrezorCrypto
  - ZillaCore

SPEC REPOS:
  https://github.com/cocoapods/specs.git:
    - BigInt
    - CryptoSwift
    - SipHash
    - SwiftLint
    - TrezorCrypto
    - ZillaCore

SPEC CHECKSUMS:
  BigInt: 76b5dfdfa3e2e478d4ffdf161aeede5502e2742f
  CryptoSwift: 6c778d69282bed3b4e975ff97a79d074f20bb011
  SipHash: fad90a4683e420c52ef28063063dbbce248ea6d4
  SwiftLint: ce933681be10c3266e82576dad676fa815a602e9
  TrezorCrypto: ecef681446bf02af6248d3b5e394026d7e766e56
  ZillaCore: 865cb50c963e032ceea114cfb5984fb46df79ac9

PODFILE CHECKSUM: c0ce2969cbda36e969727a420103236c95eb8611

COCOAPODS: 1.5.3
