PODS:
  - BigInt (3.0.1):
    - SipHash (~> 1.2)
  - CryptoSwift (0.9.0)
  - SipHash (1.2.0)
  - SwiftLint (0.25.0)
  - TrezorCrypto (0.0.5)
  - ZillaCore (0.0.7):
    - BigInt
    - TrezorCrypto

DEPENDENCIES:
  - BigInt
  - CryptoSwift (~> 0.9.0)
  - SwiftLint
  - TrezorCrypto
  - ZillaCore

SPEC REPOS:
  https://github.com/cocoapods/specs.git:
    - BigInt
    - CryptoSwift
    - SipHash
    - SwiftLint
    - TrezorCrypto
    - ZillaCore

SPEC CHECKSUMS:
  BigInt: 8e8a52161c745cd3ab78e3dc346a9fbee51e6cf6
  CryptoSwift: bca8c5b653dcc2d9734409242a070ff53bafac86
  SipHash: c6e9e43e9c531b5bc6602545130c26194a6d31ce
  SwiftLint: e14651157288e9e01d6e1a71db7014fb5744a8ea
  TrezorCrypto: ecef681446bf02af6248d3b5e394026d7e766e56
  ZillaCore: c12e29febc4e951bdb2073e4d81cf4946ddc966a

PODFILE CHECKSUM: be4cad92df1e65aecb0b0a542052d04368a8900e

COCOAPODS: 1.5.3
